Microsoft Visual Studio Solution File, Format Version 12.00
# Visual Studio Version 17
VisualStudioVersion = 17.0.31912.275
MinimumVisualStudioVersion = 10.0.40219.1
Project("{FAE04EC0-301F-11D3-BF4B-00C04F79EFBC}") = "EnhancedPropertyGrid", "EnhancedPropertyGrid\EnhancedPropertyGrid.csproj", "{7C280EE5-9B9D-4F15-9D2A-6B0E39C7E8A1}"
EndProject
Project("{FAE04EC0-301F-11D3-BF4B-00C04F79EFBC}") = "EnhancedPropertyGrid.TestApp", "EnhancedPropertyGrid.TestApp\EnhancedPropertyGrid.TestApp.csproj", "{9C6A06B2-8A74-4C0D-8D71-94588B7C50A3}"
EndProject
Global
	GlobalSection(SolutionConfigurationPlatforms) = preSolution
		Debug|Any CPU = Debug|Any CPU
		Release|Any CPU = Release|Any CPU
	EndGlobalSection
	GlobalSection(ProjectConfigurationPlatforms) = postSolution
		{7C280EE5-9B9D-4F15-9D2A-6B0E39C7E8A1}.Debug|Any CPU.ActiveCfg = Debug|Any CPU
		{7C280EE5-9B9D-4F15-9D2A-6B0E39C7E8A1}.Debug|Any CPU.Build.0 = Debug|Any CPU
		{7C280EE5-9B9D-4F15-9D2A-6B0E39C7E8A1}.Release|Any CPU.ActiveCfg = Release|Any CPU
		{7C280EE5-9B9D-4F15-9D2A-6B0E39C7E8A1}.Release|Any CPU.Build.0 = Release|Any CPU
		{9C6A06B2-8A74-4C0D-8D71-94588B7C50A3}.Debug|Any CPU.ActiveCfg = Debug|Any CPU
		{9C6A06B2-8A74-4C0D-8D71-94588B7C50A3}.Debug|Any CPU.Build.0 = Debug|Any CPU
		{9C6A06B2-8A74-4C0D-8D71-94588B7C50A3}.Release|Any CPU.ActiveCfg = Release|Any CPU
		{9C6A06B2-8A74-4C0D-8D71-94588B7C50A3}.Release|Any CPU.Build.0 = Release|Any CPU
	EndGlobalSection
	GlobalSection(SolutionProperties) = preSolution
		HideSolutionNode = FALSE
	EndGlobalSection
EndGlobal
